
Microsoft Visual Studio Solution File, Format Version 12.00
# Visual Studio Version 17
VisualStudioVersion = 17.9.34616.47
MinimumVisualStudioVersion = 10.0.40219.1
Project("{FAE04EC0-301F-11D3-BF4B-00C04F79EFBC}") = "DataTypesApp", "DataTypesApp\DataTypesApp.csproj", "{4C4744DD-CC66-43BB-9B8D-841205EFADF7}"
EndProject
Global
	GlobalSection(SolutionConfigurationPlatforms) = preSolution
		Debug|Any CPU = Debug|Any CPU
		Release|Any CPU = Release|Any CPU
	EndGlobalSection
	GlobalSection(ProjectConfigurationPlatforms) = postSolution
		{4C4744DD-CC66-43BB-9B8D-841205EFADF7}.Debug|Any CPU.ActiveCfg = Debug|Any CPU
		{4C4744DD-CC66-43BB-9B8D-841205EFADF7}.Debug|Any CPU.Build.0 = Debug|Any CPU
		{4C4744DD-CC66-43BB-9B8D-841205EFADF7}.Release|Any CPU.ActiveCfg = Release|Any CPU
		{4C4744DD-CC66-43BB-9B8D-841205EFADF7}.Release|Any CPU.Build.0 = Release|Any CPU
	EndGlobalSection
	GlobalSection(SolutionProperties) = preSolution
		HideSolutionNode = FALSE
	EndGlobalSection
	GlobalSection(ExtensibilityGlobals) = postSolution
		SolutionGuid = {16D741FA-2DF8-45A8-A059-7EA718D88219}
	EndGlobalSection
EndGlobal
